PODS:
  - Alamofire (4.6.0)
  - AlamofireImage (3.3.0):
    - Alamofire (~> 4.5)
  - OpalImagePicker (1.4.0)
  - Toast-Swift (3.0.1)
  - Toaster (2.1.1)

DEPENDENCIES:
  - Alamofire (~> 4.5)
  - AlamofireImage (~> 3.3)
  - OpalImagePicker (~> 1.4.0)
  - Toast-Swift (~> 3.0.1)
  - Toaster (from `https://github.com/devxoul/Toaster.git`, branch `ios-11-above-keyboard`)

SPEC REPOS:
  https://github.com/CocoaPods/Specs.git:
    - Alamofire
    - AlamofireImage
    - OpalImagePicker
    - Toast-Swift

EXTERNAL SOURCES:
  Toaster:
    :branch: ios-11-above-keyboard
    :git: https://github.com/devxoul/Toaster.git

CHECKOUT OPTIONS:
  Toaster:
    :commit: 43196cabf099d1c3b8d70963e1c5e836200c5100
    :git: https://github.com/devxoul/Toaster.git

SPEC CHECKSUMS:
  Alamofire: f41a599bd63041760b26d393ec1069d9d7b917f4
  AlamofireImage: 2e784dc5d00f04903a52c1d169181469c805c3df
  OpalImagePicker: 64c2d87f8e1839d1233a6720d3909a22504e3c5d
  Toast-Swift: ba0b01b095aada709d915f9beb1d38184a2721c3
  Toaster: 683521465d8d4d684baca3b55cd248030b51e813

PODFILE CHECKSUM: 778c3982ced55d721adb3422d5282a5ab505175e

COCOAPODS: 1.5.0
