// !$*UTF8*$!
{
	archiveVersion = 1;
	classes = {
	};
	objectVersion = 46;
	objects = {

/* Begin PBXBuildFile section */
		181118952021E45B0007D621 /* SlideShowWithUploadImagesModel.swift in Sources */ = {isa = PBXBuildFile; fileRef = 181118942021E45B0007D621 /* SlideShowWithUploadImagesModel.swift */; };
		181D4AB1200D9BA300BFCA06 /* UserModel.swift in Sources */ = {isa = PBXBuildFile; fileRef = 181D4AB0200D9BA300BFCA06 /* UserModel.swift */; };
		181D4AB3200DAE8800BFCA06 /* WarehouseModel.swift in Sources */ = {isa = PBXBuildFile; fileRef = 181D4AB2200DAE8800BFCA06 /* WarehouseModel.swift */; };
		181D4AB5200DAF3000BFCA06 /* UserProfileModel.swift in Sources */ = {isa = PBXBuildFile; fileRef = 181D4AB4200DAF3000BFCA06 /* UserProfileModel.swift */; };
		181D4AB7200DF82400BFCA06 /* RequestMethod.swift in Sources */ = {isa = PBXBuildFile; fileRef = 181D4AB6200DF82400BFCA06 /* RequestMethod.swift */; };
		181F18AC2022F93F002D4DCB /* ReportViewController.swift in Sources */ = {isa = PBXBuildFile; fileRef = 181F18AB2022F93F002D4DCB /* ReportViewController.swift */; };
		181F8C401FD6A28500D08AAF /* CustomerModel.swift in Sources */ = {isa = PBXBuildFile; fileRef = 181F8C3F1FD6A28500D08AAF /* CustomerModel.swift */; };
		181F8C441FD6AB5900D08AAF /* Server.swift in Sources */ = {isa = PBXBuildFile; fileRef = 181F8C431FD6AB5900D08AAF /* Server.swift */; };
		182102BB200CBC1F00267F9E /* Auth.swift in Sources */ = {isa = PBXBuildFile; fileRef = 182102BA200CBC1F00267F9E /* Auth.swift */; };
		1826D0C720089CC600AC8B42 /* ReceiveSubmit.swift in Sources */ = {isa = PBXBuildFile; fileRef = 1826D0C620089CC600AC8B42 /* ReceiveSubmit.swift */; };
		1826D0C92008A2E300AC8B42 /* ReceiveIssueModel.swift in Sources */ = {isa = PBXBuildFile; fileRef = 1826D0C82008A2E300AC8B42 /* ReceiveIssueModel.swift */; };
		1826D0CB2008CA2B00AC8B42 /* SettingModel.swift in Sources */ = {isa = PBXBuildFile; fileRef = 1826D0CA2008CA2B00AC8B42 /* SettingModel.swift */; };
		1826D0CE2008D16200AC8B42 /* Issue.swift in Sources */ = {isa = PBXBuildFile; fileRef = 1826D0CD2008D16200AC8B42 /* Issue.swift */; };
		1826D0D02008D17B00AC8B42 /* IssueCell.swift in Sources */ = {isa = PBXBuildFile; fileRef = 1826D0CF2008D17B00AC8B42 /* IssueCell.swift */; };
		1834ABBD201845350086DC79 /* Mode.swift in Sources */ = {isa = PBXBuildFile; fileRef = 1834ABBC201845350086DC79 /* Mode.swift */; };
		184A88D8200F49430094F994 /* ItemBase.swift in Sources */ = {isa = PBXBuildFile; fileRef = 184A88D7200F49430094F994 /* ItemBase.swift */; };
		184BE1E01FD51882001AA013 /* Loading.swift in Sources */ = {isa = PBXBuildFile; fileRef = 184BE1DF1FD51882001AA013 /* Loading.swift */; };
		184EE4BF1FFB2973005BB941 /* ItemGroupCheckbox.swift in Sources */ = {isa = PBXBuildFile; fileRef = 184EE4BE1FFB2973005BB941 /* ItemGroupCheckbox.swift */; };
		184EE4C11FFB2E6F005BB941 /* ItemGroupCheckboxCell.swift in Sources */ = {isa = PBXBuildFile; fileRef = 184EE4C01FFB2E6F005BB941 /* ItemGroupCheckboxCell.swift */; };
		184FC9E22007122B00254F82 /* Receive.swift in Sources */ = {isa = PBXBuildFile; fileRef = 184FC9E12007122B00254F82 /* Receive.swift */; };
		184FC9E42007123D00254F82 /* ReceiveCell.swift in Sources */ = {isa = PBXBuildFile; fileRef = 184FC9E32007123D00254F82 /* ReceiveCell.swift */; };
		184FC9E720071EC900254F82 /* SearchItem.swift in Sources */ = {isa = PBXBuildFile; fileRef = 184FC9E620071EC900254F82 /* SearchItem.swift */; };
		184FC9E920071EE100254F82 /* SearchItemCell.swift in Sources */ = {isa = PBXBuildFile; fileRef = 184FC9E820071EE100254F82 /* SearchItemCell.swift */; };
		184FC9EB20074DC200254F82 /* ReceiveSummary.swift in Sources */ = {isa = PBXBuildFile; fileRef = 184FC9EA20074DC200254F82 /* ReceiveSummary.swift */; };
		1850D567201F3A2600D63928 /* ItemGroupWithDocumentModel.swift in Sources */ = {isa = PBXBuildFile; fileRef = 1850D566201F3A2600D63928 /* ItemGroupWithDocumentModel.swift */; };
		1855FAA4201EDA5200CD8909 /* ItemGroupBase.swift in Sources */ = {isa = PBXBuildFile; fileRef = 1855FAA3201EDA5200CD8909 /* ItemGroupBase.swift */; };
		1855FAA6201EDA9C00CD8909 /* ItemGroupWithUploadImagesModel.swift in Sources */ = {isa = PBXBuildFile; fileRef = 1855FAA5201EDA9C00CD8909 /* ItemGroupWithUploadImagesModel.swift */; };
		186E4591201206C10014E30A /* Setting.swift in Sources */ = {isa = PBXBuildFile; fileRef = 186E4590201206C10014E30A /* Setting.swift */; };
		1883957A1FCBB4B7004A8592 /* AppDelegate.swift in Sources */ = {isa = PBXBuildFile; fileRef = 188395791FCBB4B7004A8592 /* AppDelegate.swift */; };
		1883957C1FCBB4B7004A8592 /* ViewController.swift in Sources */ = {isa = PBXBuildFile; fileRef = 1883957B1FCBB4B7004A8592 /* ViewController.swift */; };
		1883957F1FCBB4B7004A8592 /* Main.storyboard in Resources */ = {isa = PBXBuildFile; fileRef = 1883957D1FCBB4B7004A8592 /* Main.storyboard */; };
		188395811FCBB4B7004A8592 /* Assets.xcassets in Resources */ = {isa = PBXBuildFile; fileRef = 188395801FCBB4B7004A8592 /* Assets.xcassets */; };
		188395841FCBB4B7004A8592 /* LaunchScreen.storyboard in Resources */ = {isa = PBXBuildFile; fileRef = 188395821FCBB4B7004A8592 /* LaunchScreen.storyboard */; };
		1883958F1FCBB88B004A8592 /* SWRevealViewController.m in Sources */ = {isa = PBXBuildFile; fileRef = 1883958E1FCBB88B004A8592 /* SWRevealViewController.m */; };
		18870BF71FFF6CD8003242DC /* MetaDataModel.swift in Sources */ = {isa = PBXBuildFile; fileRef = 18870BF61FFF6CD8003242DC /* MetaDataModel.swift */; };
		18ADAC3F20158DD200C04532 /* ItemGallery.swift in Sources */ = {isa = PBXBuildFile; fileRef = 18ADAC3E20158DD200C04532 /* ItemGallery.swift */; };
		18ADAC452015954E00C04532 /* ItemGalleryCollectionViewCell.swift in Sources */ = {isa = PBXBuildFile; fileRef = 18ADAC442015954E00C04532 /* ItemGalleryCollectionViewCell.swift */; };
		18ADAC4B2015E40E00C04532 /* DocumentModel.swift in Sources */ = {isa = PBXBuildFile; fileRef = 18ADAC4A2015E40E00C04532 /* DocumentModel.swift */; };
		18CCC0681FFE23A50043D74C /* CustomHelper.swift in Sources */ = {isa = PBXBuildFile; fileRef = 18CCC0671FFE23A50043D74C /* CustomHelper.swift */; };
		18D83B5A1FCBF74A00B79AE8 /* Home.swift in Sources */ = {isa = PBXBuildFile; fileRef = 18D83B591FCBF74A00B79AE8 /* Home.swift */; };
		18D83B5D1FCC12F700B79AE8 /* Customer.swift in Sources */ = {isa = PBXBuildFile; fileRef = 18D83B5C1FCC12F700B79AE8 /* Customer.swift */; };
		18D83B5F1FCC169700B79AE8 /* CustomerCell.swift in Sources */ = {isa = PBXBuildFile; fileRef = 18D83B5E1FCC169700B79AE8 /* CustomerCell.swift */; };
		18E6C7F62021C2FD00C30FA0 /* SlideShowCollectionViewController.swift in Sources */ = {isa = PBXBuildFile; fileRef = 18E6C7F52021C2FD00C30FA0 /* SlideShowCollectionViewController.swift */; };
		18E6C7F92021C96900C30FA0 /* SlideShowWithDocumentModel.swift in Sources */ = {isa = PBXBuildFile; fileRef = 18E6C7F82021C96900C30FA0 /* SlideShowWithDocumentModel.swift */; };
		18EC04231FE3754100A3FE49 /* ItemGroupCell.swift in Sources */ = {isa = PBXBuildFile; fileRef = 18EC04221FE3754100A3FE49 /* ItemGroupCell.swift */; };
		18EC04251FE375CF00A3FE49 /* ItemGroupModel.swift in Sources */ = {isa = PBXBuildFile; fileRef = 18EC04241FE375CF00A3FE49 /* ItemGroupModel.swift */; };
		18EC04291FE37C2600A3FE49 /* ItemGroup.swift in Sources */ = {isa = PBXBuildFile; fileRef = 18EC04281FE37C2600A3FE49 /* ItemGroup.swift */; };
		18EC042B1FE3807200A3FE49 /* ItemGroupSummary.swift in Sources */ = {isa = PBXBuildFile; fileRef = 18EC042A1FE3807200A3FE49 /* ItemGroupSummary.swift */; };
		18F770551FCD0966005D5D21 /* CustomerSummary.swift in Sources */ = {isa = PBXBuildFile; fileRef = 18F770541FCD0966005D5D21 /* CustomerSummary.swift */; };
		18FA66231FE22F79002742CE /* Item.swift in Sources */ = {isa = PBXBuildFile; fileRef = 18FA66221FE22F79002742CE /* Item.swift */; };
		18FA66251FE22FBF002742CE /* ItemCell.swift in Sources */ = {isa = PBXBuildFile; fileRef = 18FA66241FE22FBF002742CE /* ItemCell.swift */; };
		18FA66271FE23079002742CE /* ItemModel.swift in Sources */ = {isa = PBXBuildFile; fileRef = 18FA66261FE23079002742CE /* ItemModel.swift */; };
		18FA66291FE27AE6002742CE /* ItemSummary.swift in Sources */ = {isa = PBXBuildFile; fileRef = 18FA66281FE27AE6002742CE /* ItemSummary.swift */; };
		519958425F64E9A4B435F8C4 /* Pods_X_Admin.framework in Frameworks */ = {isa = PBXBuildFile; fileRef = B749CE0EF7A3CAEC581BAE62 /* Pods_X_Admin.framework */; };
		B906FB1720872C3B009BE880 /* ErrorDTO.swift in Sources */ = {isa = PBXBuildFile; fileRef = B906FB1620872C3B009BE880 /* ErrorDTO.swift */; };
		B906FB1A208741F5009BE880 /* OnUpdatedListener.swift in Sources */ = {isa = PBXBuildFile; fileRef = B906FB19208741F5009BE880 /* OnUpdatedListener.swift */; };
		B907EDD3208EE6F000DD3564 /* LoginTableViewController.swift in Sources */ = {isa = PBXBuildFile; fileRef = B907EDD2208EE6F000DD3564 /* LoginTableViewController.swift */; };
		B907EDD5208EE73800DD3564 /* SettingTableViewController.swift in Sources */ = {isa = PBXBuildFile; fileRef = B907EDD4208EE73800DD3564 /* SettingTableViewController.swift */; };
		B907EDD8208F0FBE00DD3564 /* UserLoginDTO.swift in Sources */ = {isa = PBXBuildFile; fileRef = B907EDD7208F0FBE00DD3564 /* UserLoginDTO.swift */; };
		B907EDDA208F17CE00DD3564 /* UserViewDTO.swift in Sources */ = {isa = PBXBuildFile; fileRef = B907EDD9208F17CE00DD3564 /* UserViewDTO.swift */; };
		B907EDDC208F1B7900DD3564 /* UserProfileViewDTO.swift in Sources */ = {isa = PBXBuildFile; fileRef = B907EDDB208F1B7900DD3564 /* UserProfileViewDTO.swift */; };
		B907EDDF208F1C2500DD3564 /* SettingViewDTO.swift in Sources */ = {isa = PBXBuildFile; fileRef = B907EDDE208F1C2500DD3564 /* SettingViewDTO.swift */; };
		B907EDE2208F1CD700DD3564 /* WarehouseViewDTO.swift in Sources */ = {isa = PBXBuildFile; fileRef = B907EDE1208F1CD700DD3564 /* WarehouseViewDTO.swift */; };
		B90E08AC2086FC4300547F5C /* CustomerNewDTO.swift in Sources */ = {isa = PBXBuildFile; fileRef = B90E08AB2086FC4300547F5C /* CustomerNewDTO.swift */; };
		B90E08B02086FF4100547F5C /* CustomerEditDTO.swift in Sources */ = {isa = PBXBuildFile; fileRef = B90E08AF2086FF4100547F5C /* CustomerEditDTO.swift */; };
		B91B7CCF207CBE25007FF69B /* CustomerBaseDTO.swift in Sources */ = {isa = PBXBuildFile; fileRef = B91B7CCE207CBE25007FF69B /* CustomerBaseDTO.swift */; };
		B91B7CD1207CBED1007FF69B /* CustomerViewDTO.swift in Sources */ = {isa = PBXBuildFile; fileRef = B91B7CD0207CBED1007FF69B /* CustomerViewDTO.swift */; };
		B921F509208C408B00EEC19E /* OnMassSavedListener.swift in Sources */ = {isa = PBXBuildFile; fileRef = B921F508208C408B00EEC19E /* OnMassSavedListener.swift */; };
		B925B2C52080DE370049F70D /* RequestMethodEnum.swift in Sources */ = {isa = PBXBuildFile; fileRef = B925B2C42080DE370049F70D /* RequestMethodEnum.swift */; };
		B93004C22081FC6B00731852 /* GetListDTO.swift in Sources */ = {isa = PBXBuildFile; fileRef = B93004C12081FC6B00731852 /* GetListDTO.swift */; };
		B93004C420820DF000731852 /* ConstantHelper.swift in Sources */ = {isa = PBXBuildFile; fileRef = B93004C320820DF000731852 /* ConstantHelper.swift */; };
		B936659520736EAF00942592 /* SaleOrderViewController.swift in Sources */ = {isa = PBXBuildFile; fileRef = B936659420736EAF00942592 /* SaleOrderViewController.swift */; };
		B936659720736F0B00942592 /* SaleOrderTableViewCell.swift in Sources */ = {isa = PBXBuildFile; fileRef = B936659620736F0B00942592 /* SaleOrderTableViewCell.swift */; };
		B936659C2073823A00942592 /* SaleOrderBase.swift in Sources */ = {isa = PBXBuildFile; fileRef = B936659B2073823A00942592 /* SaleOrderBase.swift */; };
		B936659E2073831900942592 /* SaleOrderViewDTO.swift in Sources */ = {isa = PBXBuildFile; fileRef = B936659D2073831900942592 /* SaleOrderViewDTO.swift */; };
		B93665A120739DE700942592 /* ApiHelper.swift in Sources */ = {isa = PBXBuildFile; fileRef = B93665A020739DE700942592 /* ApiHelper.swift */; };
		B938129A2090685E00CE0517 /* ItemUploadImagesDTO.swift in Sources */ = {isa = PBXBuildFile; fileRef = B93812992090685E00CE0517 /* ItemUploadImagesDTO.swift */; };
		B942B3EB20848B7500AF99CB /* CustomerSummaryTableViewController.swift in Sources */ = {isa = PBXBuildFile; fileRef = B942B3EA20848B7500AF99CB /* CustomerSummaryTableViewController.swift */; };
		B942F3BF208AF5DF00882EFA /* OnSelectedTableRowListener.swift in Sources */ = {isa = PBXBuildFile; fileRef = B942F3BE208AF5DF00882EFA /* OnSelectedTableRowListener.swift */; };
		B9471C30207786C70065010A /* MetaDataDTO.swift in Sources */ = {isa = PBXBuildFile; fileRef = B9471C2F207786C70065010A /* MetaDataDTO.swift */; };
		B9520737208D986E00841A21 /* MoreViewController.swift in Sources */ = {isa = PBXBuildFile; fileRef = B9520736208D986E00841A21 /* MoreViewController.swift */; };
		B952073A208DA87200841A21 /* IssueItemNewDTO.swift in Sources */ = {isa = PBXBuildFile; fileRef = B9520739208DA87200841A21 /* IssueItemNewDTO.swift */; };
		B95285612090918C00D7E179 /* DocumentViewDTO.swift in Sources */ = {isa = PBXBuildFile; fileRef = B95285602090918C00D7E179 /* DocumentViewDTO.swift */; };
		B97368E02082FD16002AC6CD /* CustomerViewController.swift in Sources */ = {isa = PBXBuildFile; fileRef = B97368DF2082FD16002AC6CD /* CustomerViewController.swift */; };
		B97368E220830198002AC6CD /* CustomerTableViewCell.swift in Sources */ = {isa = PBXBuildFile; fileRef = B97368E120830198002AC6CD /* CustomerTableViewCell.swift */; };
		B98BD43520898D9E008B6619 /* ItemSummaryTableViewController.swift in Sources */ = {isa = PBXBuildFile; fileRef = B98BD43420898D9E008B6619 /* ItemSummaryTableViewController.swift */; };
		B98BD43A20899A05008B6619 /* ItemGroupBaseDTO.swift in Sources */ = {isa = PBXBuildFile; fileRef = B98BD43920899A05008B6619 /* ItemGroupBaseDTO.swift */; };
		B98BD43C20899A58008B6619 /* ItemGroupViewDTO.swift in Sources */ = {isa = PBXBuildFile; fileRef = B98BD43B20899A58008B6619 /* ItemGroupViewDTO.swift */; };
		B98BD43E2089A1EC008B6619 /* ItemEditDTO.swift in Sources */ = {isa = PBXBuildFile; fileRef = B98BD43D2089A1EC008B6619 /* ItemEditDTO.swift */; };
		B98BD4422089A760008B6619 /* StringExtension.swift in Sources */ = {isa = PBXBuildFile; fileRef = B98BD4412089A760008B6619 /* StringExtension.swift */; };
		B98BD4462089D1CA008B6619 /* ItemGroupTableViewCell.swift in Sources */ = {isa = PBXBuildFile; fileRef = B98BD4452089D1CA008B6619 /* ItemGroupTableViewCell.swift */; };
		B98BD4482089D207008B6619 /* ItemGroupViewController.swift in Sources */ = {isa = PBXBuildFile; fileRef = B98BD4472089D207008B6619 /* ItemGroupViewController.swift */; };
		B98BD44A2089D271008B6619 /* ItemGroupSummaryTableViewController.swift in Sources */ = {isa = PBXBuildFile; fileRef = B98BD4492089D271008B6619 /* ItemGroupSummaryTableViewController.swift */; };
		B98BD44C2089E06C008B6619 /* ItemGroupEditDTO.swift in Sources */ = {isa = PBXBuildFile; fileRef = B98BD44B2089E06C008B6619 /* ItemGroupEditDTO.swift */; };
		B9A22F272090234800D94C57 /* ItemGalleryCollectionViewController.swift in Sources */ = {isa = PBXBuildFile; fileRef = B9A22F262090234800D94C57 /* ItemGalleryCollectionViewController.swift */; };
		B9A22F292090247600D94C57 /* ItemGalleryCollectionViewCell2.swift in Sources */ = {isa = PBXBuildFile; fileRef = B9A22F282090247600D94C57 /* ItemGalleryCollectionViewCell2.swift */; };
		B9A22F2D20903E4D00D94C57 /* ImageHelper.swift in Sources */ = {isa = PBXBuildFile; fileRef = B9A22F2C20903E4D00D94C57 /* ImageHelper.swift */; };
		B9B568E6208364E700F89863 /* IndicatorHelper.swift in Sources */ = {isa = PBXBuildFile; fileRef = B9B568E5208364E700F89863 /* IndicatorHelper.swift */; };
		B9BDB201207DC0E300DE43DB /* NumericHelper.swift in Sources */ = {isa = PBXBuildFile; fileRef = B9BDB200207DC0E300DE43DB /* NumericHelper.swift */; };
		B9BDB203207E04DE00DE43DB /* AlertHelper.swift in Sources */ = {isa = PBXBuildFile; fileRef = B9BDB202207E04DE00DE43DB /* AlertHelper.swift */; };
		B9E30803208845DB00D6EDD5 /* OnCreatedListener.swift in Sources */ = {isa = PBXBuildFile; fileRef = B9E30802208845DB00D6EDD5 /* OnCreatedListener.swift */; };
		B9E3080520888AF100D6EDD5 /* ItemViewController.swift in Sources */ = {isa = PBXBuildFile; fileRef = B9E3080420888AF100D6EDD5 /* ItemViewController.swift */; };
		B9E3080820888B1400D6EDD5 /* ItemBaseDTO.swift in Sources */ = {isa = PBXBuildFile; fileRef = B9E3080720888B1400D6EDD5 /* ItemBaseDTO.swift */; };
		B9E3080A20888BD200D6EDD5 /* ItemViewDTO.swift in Sources */ = {isa = PBXBuildFile; fileRef = B9E3080920888BD200D6EDD5 /* ItemViewDTO.swift */; };
		B9E3080C20888CAB00D6EDD5 /* ItemTableViewCell.swift in Sources */ = {isa = PBXBuildFile; fileRef = B9E3080B20888CAB00D6EDD5 /* ItemTableViewCell.swift */; };
		B9EED929208CB9EE0059DF8D /* SubmitItemDTO.swift in Sources */ = {isa = PBXBuildFile; fileRef = B9EED928208CB9EE0059DF8D /* SubmitItemDTO.swift */; };
		B9F1192B208B432F00F97161 /* ReceiveTableViewController.swift in Sources */ = {isa = PBXBuildFile; fileRef = B9F1192A208B432F00F97161 /* ReceiveTableViewController.swift */; };
		B9F11935208B7AE300F97161 /* ItemTableViewDataSource.swift in Sources */ = {isa = PBXBuildFile; fileRef = B9F11934208B7AE300F97161 /* ItemTableViewDataSource.swift */; };
		B9F11937208B7D2300F97161 /* ItemTableViewCellForDataSource.swift in Sources */ = {isa = PBXBuildFile; fileRef = B9F11936208B7D2300F97161 /* ItemTableViewCellForDataSource.swift */; };
		B9F1193A208B840A00F97161 /* ReceiveItemNewDTO.swift in Sources */ = {isa = PBXBuildFile; fileRef = B9F11939208B840A00F97161 /* ReceiveItemNewDTO.swift */; };
		B9F1193C208B896000F97161 /* IntExtension.swift in Sources */ = {isa = PBXBuildFile; fileRef = B9F1193B208B896000F97161 /* IntExtension.swift */; };
		B9F1193E208B89D100F97161 /* DoubleExtension.swift in Sources */ = {isa = PBXBuildFile; fileRef = B9F1193D208B89D100F97161 /* DoubleExtension.swift */; };
		B9F11940208B971D00F97161 /* ReceiveSummaryTableViewController.swift in Sources */ = {isa = PBXBuildFile; fileRef = B9F1193F208B971D00F97161 /* ReceiveSummaryTableViewController.swift */; };
/* End PBXBuildFile section */

/* Begin PBXFileReference section */
		181118942021E45B0007D621 /* SlideShowWithUploadImagesModel.swift */ = {isa = PBXFileReference; lastKnownFileType = sourcecode.swift; path = SlideShowWithUploadImagesModel.swift; sourceTree = "<group>"; };
		181D4AB0200D9BA300BFCA06 /* UserModel.swift */ = {isa = PBXFileReference; lastKnownFileType = sourcecode.swift; path = UserModel.swift; sourceTree = "<group>"; };
		181D4AB2200DAE8800BFCA06 /* WarehouseModel.swift */ = {isa = PBXFileReference; lastKnownFileType = sourcecode.swift; path = WarehouseModel.swift; sourceTree = "<group>"; };
		181D4AB4200DAF3000BFCA06 /* UserProfileModel.swift */ = {isa = PBXFileReference; lastKnownFileType = sourcecode.swift; path = UserProfileModel.swift; sourceTree = "<group>"; };
		181D4AB6200DF82400BFCA06 /* RequestMethod.swift */ = {isa = PBXFileReference; lastKnownFileType = sourcecode.swift; path = RequestMethod.swift; sourceTree = "<group>"; };
		181F18AB2022F93F002D4DCB /* ReportViewController.swift */ = {isa = PBXFileReference; lastKnownFileType = sourcecode.swift; path = ReportViewController.swift; sourceTree = "<group>"; };
		181F8C3F1FD6A28500D08AAF /* CustomerModel.swift */ = {isa = PBXFileReference; fileEncoding = 4; lastKnownFileType = sourcecode.swift; path = CustomerModel.swift; sourceTree = "<group>"; };
		181F8C431FD6AB5900D08AAF /* Server.swift */ = {isa = PBXFileReference; fileEncoding = 4; lastKnownFileType = sourcecode.swift; path = Server.swift; sourceTree = "<group>"; };
		182102BA200CBC1F00267F9E /* Auth.swift */ = {isa = PBXFileReference; lastKnownFileType = sourcecode.swift; path = Auth.swift; sourceTree = "<group>"; };
		1826D0C620089CC600AC8B42 /* ReceiveSubmit.swift */ = {isa = PBXFileReference; lastKnownFileType = sourcecode.swift; path = ReceiveSubmit.swift; sourceTree = "<group>"; };
		1826D0C82008A2E300AC8B42 /* ReceiveIssueModel.swift */ = {isa = PBXFileReference; lastKnownFileType = sourcecode.swift; path = ReceiveIssueModel.swift; sourceTree = "<group>"; };
		1826D0CA2008CA2B00AC8B42 /* SettingModel.swift */ = {isa = PBXFileReference; lastKnownFileType = sourcecode.swift; path = SettingModel.swift; sourceTree = "<group>"; };
		1826D0CD2008D16200AC8B42 /* Issue.swift */ = {isa = PBXFileReference; lastKnownFileType = sourcecode.swift; path = Issue.swift; sourceTree = "<group>"; };
		1826D0CF2008D17B00AC8B42 /* IssueCell.swift */ = {isa = PBXFileReference; lastKnownFileType = sourcecode.swift; path = IssueCell.swift; sourceTree = "<group>"; };
		1834ABBC201845350086DC79 /* Mode.swift */ = {isa = PBXFileReference; lastKnownFileType = sourcecode.swift; path = Mode.swift; sourceTree = "<group>"; };
		184A88D7200F49430094F994 /* ItemBase.swift */ = {isa = PBXFileReference; lastKnownFileType = sourcecode.swift; path = ItemBase.swift; sourceTree = "<group>"; };
		184BE1DF1FD51882001AA013 /* Loading.swift */ = {isa = PBXFileReference; fileEncoding = 4; lastKnownFileType = sourcecode.swift; path = Loading.swift; sourceTree = "<group>"; };
		184EE4BE1FFB2973005BB941 /* ItemGroupCheckbox.swift */ = {isa = PBXFileReference; lastKnownFileType = sourcecode.swift; path = ItemGroupCheckbox.swift; sourceTree = "<group>"; };
		184EE4C01FFB2E6F005BB941 /* ItemGroupCheckboxCell.swift */ = {isa = PBXFileReference; lastKnownFileType = sourcecode.swift; path = ItemGroupCheckboxCell.swift; sourceTree = "<group>"; };
		184FC9E12007122B00254F82 /* Receive.swift */ = {isa = PBXFileReference; lastKnownFileType = sourcecode.swift; path = Receive.swift; sourceTree = "<group>"; };
		184FC9E32007123D00254F82 /* ReceiveCell.swift */ = {isa = PBXFileReference; lastKnownFileType = sourcecode.swift; path = ReceiveCell.swift; sourceTree = "<group>"; };
		184FC9E620071EC900254F82 /* SearchItem.swift */ = {isa = PBXFileReference; lastKnownFileType = sourcecode.swift; path = SearchItem.swift; sourceTree = "<group>"; };
		184FC9E820071EE100254F82 /* SearchItemCell.swift */ = {isa = PBXFileReference; lastKnownFileType = sourcecode.swift; path = SearchItemCell.swift; sourceTree = "<group>"; };
		184FC9EA20074DC200254F82 /* ReceiveSummary.swift */ = {isa = PBXFileReference; lastKnownFileType = sourcecode.swift; path = ReceiveSummary.swift; sourceTree = "<group>"; };
		1850D566201F3A2600D63928 /* ItemGroupWithDocumentModel.swift */ = {isa = PBXFileReference; lastKnownFileType = sourcecode.swift; path = ItemGroupWithDocumentModel.swift; sourceTree = "<group>"; };
		1855FAA3201EDA5200CD8909 /* ItemGroupBase.swift */ = {isa = PBXFileReference; lastKnownFileType = sourcecode.swift; path = ItemGroupBase.swift; sourceTree = "<group>"; };
		1855FAA5201EDA9C00CD8909 /* ItemGroupWithUploadImagesModel.swift */ = {isa = PBXFileReference; lastKnownFileType = sourcecode.swift; path = ItemGroupWithUploadImagesModel.swift; sourceTree = "<group>"; };
		186E4590201206C10014E30A /* Setting.swift */ = {isa = PBXFileReference; lastKnownFileType = sourcecode.swift; path = Setting.swift; sourceTree = "<group>"; };
		188395761FCBB4B7004A8592 /* X-Admin.app */ = {isa = PBXFileReference; explicitFileType = wrapper.application; includeInIndex = 0; path = "X-Admin.app"; sourceTree = BUILT_PRODUCTS_DIR; };
		188395791FCBB4B7004A8592 /* AppDelegate.swift */ = {isa = PBXFileReference; lastKnownFileType = sourcecode.swift; path = AppDelegate.swift; sourceTree = "<group>"; };
		1883957B1FCBB4B7004A8592 /* ViewController.swift */ = {isa = PBXFileReference; lastKnownFileType = sourcecode.swift; path = ViewController.swift; sourceTree = "<group>"; };
		1883957E1FCBB4B7004A8592 /* Base */ = {isa = PBXFileReference; lastKnownFileType = file.storyboard; name = Base; path = Base.lproj/Main.storyboard; sourceTree = "<group>"; };
		188395801FCBB4B7004A8592 /* Assets.xcassets */ = {isa = PBXFileReference; lastKnownFileType = folder.assetcatalog; path = Assets.xcassets; sourceTree = "<group>"; };
		188395831FCBB4B7004A8592 /* Base */ = {isa = PBXFileReference; lastKnownFileType = file.storyboard; name = Base; path = Base.lproj/LaunchScreen.storyboard; sourceTree = "<group>"; };
		188395851FCBB4B7004A8592 /* Info.plist */ = {isa = PBXFileReference; lastKnownFileType = text.plist.xml; path = Info.plist; sourceTree = "<group>"; };
		1883958C1FCBB88B004A8592 /* X-Admin-Bridging-Header.h */ = {isa = PBXFileReference; lastKnownFileType = sourcecode.c.h; path = "X-Admin-Bridging-Header.h"; sourceTree = "<group>"; };
		1883958D1FCBB88B004A8592 /* SWRevealViewController.h */ = {isa = PBXFileReference; fileEncoding = 4; lastKnownFileType = sourcecode.c.h; path = SWRevealViewController.h; sourceTree = "<group>"; };
		1883958E1FCBB88B004A8592 /* SWRevealViewController.m */ = {isa = PBXFileReference; fileEncoding = 4; lastKnownFileType = sourcecode.c.objc; path = SWRevealViewController.m; sourceTree = "<group>"; };
		18870BF61FFF6CD8003242DC /* MetaDataModel.swift */ = {isa = PBXFileReference; lastKnownFileType = sourcecode.swift; path = MetaDataModel.swift; sourceTree = "<group>"; };
		18ADAC3E20158DD200C04532 /* ItemGallery.swift */ = {isa = PBXFileReference; lastKnownFileType = sourcecode.swift; path = ItemGallery.swift; sourceTree = "<group>"; };
		18ADAC442015954E00C04532 /* ItemGalleryCollectionViewCell.swift */ = {isa = PBXFileReference; lastKnownFileType = sourcecode.swift; path = ItemGalleryCollectionViewCell.swift; sourceTree = "<group>"; };
		18ADAC4A2015E40E00C04532 /* DocumentModel.swift */ = {isa = PBXFileReference; lastKnownFileType = sourcecode.swift; path = DocumentModel.swift; sourceTree = "<group>"; };
		18CCC0671FFE23A50043D74C /* CustomHelper.swift */ = {isa = PBXFileReference; lastKnownFileType = sourcecode.swift; path = CustomHelper.swift; sourceTree = "<group>"; };
		18D83B591FCBF74A00B79AE8 /* Home.swift */ = {isa = PBXFileReference; fileEncoding = 4; lastKnownFileType = sourcecode.swift; path = Home.swift; sourceTree = "<group>"; };
		18D83B5C1FCC12F700B79AE8 /* Customer.swift */ = {isa = PBXFileReference; fileEncoding = 4; lastKnownFileType = sourcecode.swift; path = Customer.swift; sourceTree = "<group>"; };
		18D83B5E1FCC169700B79AE8 /* CustomerCell.swift */ = {isa = PBXFileReference; fileEncoding = 4; lastKnownFileType = sourcecode.swift; path = CustomerCell.swift; sourceTree = "<group>"; };
		18E6C7F52021C2FD00C30FA0 /* SlideShowCollectionViewController.swift */ = {isa = PBXFileReference; lastKnownFileType = sourcecode.swift; path = SlideShowCollectionViewController.swift; sourceTree = "<group>"; };
		18E6C7F82021C96900C30FA0 /* SlideShowWithDocumentModel.swift */ = {isa = PBXFileReference; lastKnownFileType = sourcecode.swift; path = SlideShowWithDocumentModel.swift; sourceTree = "<group>"; };
		18EC04221FE3754100A3FE49 /* ItemGroupCell.swift */ = {isa = PBXFileReference; fileEncoding = 4; lastKnownFileType = sourcecode.swift; path = ItemGroupCell.swift; sourceTree = "<group>"; };
		18EC04241FE375CF00A3FE49 /* ItemGroupModel.swift */ = {isa = PBXFileReference; fileEncoding = 4; lastKnownFileType = sourcecode.swift; path = ItemGroupModel.swift; sourceTree = "<group>"; };
		18EC04281FE37C2600A3FE49 /* ItemGroup.swift */ = {isa = PBXFileReference; fileEncoding = 4; lastKnownFileType = sourcecode.swift; path = ItemGroup.swift; sourceTree = "<group>"; };
		18EC042A1FE3807200A3FE49 /* ItemGroupSummary.swift */ = {isa = PBXFileReference; fileEncoding = 4; lastKnownFileType = sourcecode.swift; path = ItemGroupSummary.swift; sourceTree = "<group>"; };
		18F770541FCD0966005D5D21 /* CustomerSummary.swift */ = {isa = PBXFileReference; fileEncoding = 4; lastKnownFileType = sourcecode.swift; path = CustomerSummary.swift; sourceTree = "<group>"; };
		18FA66221FE22F79002742CE /* Item.swift */ = {isa = PBXFileReference; fileEncoding = 4; lastKnownFileType = sourcecode.swift; path = Item.swift; sourceTree = "<group>"; };
		18FA66241FE22FBF002742CE /* ItemCell.swift */ = {isa = PBXFileReference; fileEncoding = 4; lastKnownFileType = sourcecode.swift; path = ItemCell.swift; sourceTree = "<group>"; };
		18FA66261FE23079002742CE /* ItemModel.swift */ = {isa = PBXFileReference; fileEncoding = 4; lastKnownFileType = sourcecode.swift; path = ItemModel.swift; sourceTree = "<group>"; };
		18FA66281FE27AE6002742CE /* ItemSummary.swift */ = {isa = PBXFileReference; fileEncoding = 4; lastKnownFileType = sourcecode.swift; path = ItemSummary.swift; sourceTree = "<group>"; };
		3DC30710F44923CEBE2A1A92 /* Pods-X-Admin.debug.xcconfig */ = {isa = PBXFileReference; includeInIndex = 1; lastKnownFileType = text.xcconfig; name = "Pods-X-Admin.debug.xcconfig"; path = "Pods/Target Support Files/Pods-X-Admin/Pods-X-Admin.debug.xcconfig"; sourceTree = "<group>"; };
		B749CE0EF7A3CAEC581BAE62 /* Pods_X_Admin.framework */ = {isa = PBXFileReference; explicitFileType = wrapper.framework; includeInIndex = 0; path = Pods_X_Admin.framework; sourceTree = BUILT_PRODUCTS_DIR; };
		B906FB1620872C3B009BE880 /* ErrorDTO.swift */ = {isa = PBXFileReference; lastKnownFileType = sourcecode.swift; path = ErrorDTO.swift; sourceTree = "<group>"; };
		B906FB19208741F5009BE880 /* OnUpdatedListener.swift */ = {isa = PBXFileReference; lastKnownFileType = sourcecode.swift; path = OnUpdatedListener.swift; sourceTree = "<group>"; };
		B907EDD2208EE6F000DD3564 /* LoginTableViewController.swift */ = {isa = PBXFileReference; lastKnownFileType = sourcecode.swift; path = LoginTableViewController.swift; sourceTree = "<group>"; };
		B907EDD4208EE73800DD3564 /* SettingTableViewController.swift */ = {isa = PBXFileReference; lastKnownFileType = sourcecode.swift; path = SettingTableViewController.swift; sourceTree = "<group>"; };
		B907EDD7208F0FBE00DD3564 /* UserLoginDTO.swift */ = {isa = PBXFileReference; lastKnownFileType = sourcecode.swift; path = UserLoginDTO.swift; sourceTree = "<group>"; };
		B907EDD9208F17CE00DD3564 /* UserViewDTO.swift */ = {isa = PBXFileReference; lastKnownFileType = sourcecode.swift; path = UserViewDTO.swift; sourceTree = "<group>"; };
		B907EDDB208F1B7900DD3564 /* UserProfileViewDTO.swift */ = {isa = PBXFileReference; lastKnownFileType = sourcecode.swift; path = UserProfileViewDTO.swift; sourceTree = "<group>"; };
		B907EDDE208F1C2500DD3564 /* SettingViewDTO.swift */ = {isa = PBXFileReference; lastKnownFileType = sourcecode.swift; path = SettingViewDTO.swift; sourceTree = "<group>"; };
		B907EDE1208F1CD700DD3564 /* WarehouseViewDTO.swift */ = {isa = PBXFileReference; lastKnownFileType = sourcecode.swift; path = WarehouseViewDTO.swift; sourceTree = "<group>"; };
		B90E08AB2086FC4300547F5C /* CustomerNewDTO.swift */ = {isa = PBXFileReference; lastKnownFileType = sourcecode.swift; path = CustomerNewDTO.swift; sourceTree = "<group>"; };
		B90E08AF2086FF4100547F5C /* CustomerEditDTO.swift */ = {isa = PBXFileReference; lastKnownFileType = sourcecode.swift; path = CustomerEditDTO.swift; sourceTree = "<group>"; };
		B91B7CCE207CBE25007FF69B /* CustomerBaseDTO.swift */ = {isa = PBXFileReference; lastKnownFileType = sourcecode.swift; path = CustomerBaseDTO.swift; sourceTree = "<group>"; };
		B91B7CD0207CBED1007FF69B /* CustomerViewDTO.swift */ = {isa = PBXFileReference; lastKnownFileType = sourcecode.swift; path = CustomerViewDTO.swift; sourceTree = "<group>"; };
		B921F508208C408B00EEC19E /* OnMassSavedListener.swift */ = {isa = PBXFileReference; lastKnownFileType = sourcecode.swift; path = OnMassSavedListener.swift; sourceTree = "<group>"; };
		B925B2C42080DE370049F70D /* RequestMethodEnum.swift */ = {isa = PBXFileReference; lastKnownFileType = sourcecode.swift; path = RequestMethodEnum.swift; sourceTree = "<group>"; };
		B93004C12081FC6B00731852 /* GetListDTO.swift */ = {isa = PBXFileReference; lastKnownFileType = sourcecode.swift; path = GetListDTO.swift; sourceTree = "<group>"; };
		B93004C320820DF000731852 /* ConstantHelper.swift */ = {isa = PBXFileReference; lastKnownFileType = sourcecode.swift; path = ConstantHelper.swift; sourceTree = "<group>"; };
		B936659420736EAF00942592 /* SaleOrderViewController.swift */ = {isa = PBXFileReference; lastKnownFileType = sourcecode.swift; path = SaleOrderViewController.swift; sourceTree = "<group>"; };
		B936659620736F0B00942592 /* SaleOrderTableViewCell.swift */ = {isa = PBXFileReference; lastKnownFileType = sourcecode.swift; path = SaleOrderTableViewCell.swift; sourceTree = "<group>"; };
		B936659B2073823A00942592 /* SaleOrderBase.swift */ = {isa = PBXFileReference; lastKnownFileType = sourcecode.swift; path = SaleOrderBase.swift; sourceTree = "<group>"; };
		B936659D2073831900942592 /* SaleOrderViewDTO.swift */ = {isa = PBXFileReference; lastKnownFileType = sourcecode.swift; path = SaleOrderViewDTO.swift; sourceTree = "<group>"; };
		B93665A020739DE700942592 /* ApiHelper.swift */ = {isa = PBXFileReference; lastKnownFileType = sourcecode.swift; path = ApiHelper.swift; sourceTree = "<group>"; };
		B93812992090685E00CE0517 /* ItemUploadImagesDTO.swift */ = {isa = PBXFileReference; lastKnownFileType = sourcecode.swift; path = ItemUploadImagesDTO.swift; sourceTree = "<group>"; };
		B942B3EA20848B7500AF99CB /* CustomerSummaryTableViewController.swift */ = {isa = PBXFileReference; lastKnownFileType = sourcecode.swift; path = CustomerSummaryTableViewController.swift; sourceTree = "<group>"; };
		B942F3BE208AF5DF00882EFA /* OnSelectedTableRowListener.swift */ = {isa = PBXFileReference; lastKnownFileType = sourcecode.swift; path = OnSelectedTableRowListener.swift; sourceTree = "<group>"; };
		B9471C2F207786C70065010A /* MetaDataDTO.swift */ = {isa = PBXFileReference; lastKnownFileType = sourcecode.swift; path = MetaDataDTO.swift; sourceTree = "<group>"; };
		B9520736208D986E00841A21 /* MoreViewController.swift */ = {isa = PBXFileReference; lastKnownFileType = sourcecode.swift; path = MoreViewController.swift; sourceTree = "<group>"; };
		B9520739208DA87200841A21 /* IssueItemNewDTO.swift */ = {isa = PBXFileReference; lastKnownFileType = sourcecode.swift; path = IssueItemNewDTO.swift; sourceTree = "<group>"; };
		B95285602090918C00D7E179 /* DocumentViewDTO.swift */ = {isa = PBXFileReference; lastKnownFileType = sourcecode.swift; path = DocumentViewDTO.swift; sourceTree = "<group>"; };
		B97368DF2082FD16002AC6CD /* CustomerViewController.swift */ = {isa = PBXFileReference; lastKnownFileType = sourcecode.swift; path = CustomerViewController.swift; sourceTree = "<group>"; };
		B97368E120830198002AC6CD /* CustomerTableViewCell.swift */ = {isa = PBXFileReference; lastKnownFileType = sourcecode.swift; path = CustomerTableViewCell.swift; sourceTree = "<group>"; };
		B98BD43420898D9E008B6619 /* ItemSummaryTableViewController.swift */ = {isa = PBXFileReference; lastKnownFileType = sourcecode.swift; path = ItemSummaryTableViewController.swift; sourceTree = "<group>"; };
		B98BD43920899A05008B6619 /* ItemGroupBaseDTO.swift */ = {isa = PBXFileReference; lastKnownFileType = sourcecode.swift; path = ItemGroupBaseDTO.swift; sourceTree = "<group>"; };
		B98BD43B20899A58008B6619 /* ItemGroupViewDTO.swift */ = {isa = PBXFileReference; lastKnownFileType = sourcecode.swift; path = ItemGroupViewDTO.swift; sourceTree = "<group>"; };
		B98BD43D2089A1EC008B6619 /* ItemEditDTO.swift */ = {isa = PBXFileReference; lastKnownFileType = sourcecode.swift; path = ItemEditDTO.swift; sourceTree = "<group>"; };
		B98BD4412089A760008B6619 /* StringExtension.swift */ = {isa = PBXFileReference; lastKnownFileType = sourcecode.swift; path = StringExtension.swift; sourceTree = "<group>"; };
		B98BD4452089D1CA008B6619 /* ItemGroupTableViewCell.swift */ = {isa = PBXFileReference; lastKnownFileType = sourcecode.swift; path = ItemGroupTableViewCell.swift; sourceTree = "<group>"; };
		B98BD4472089D207008B6619 /* ItemGroupViewController.swift */ = {isa = PBXFileReference; lastKnownFileType = sourcecode.swift; path = ItemGroupViewController.swift; sourceTree = "<group>"; };
		B98BD4492089D271008B6619 /* ItemGroupSummaryTableViewController.swift */ = {isa = PBXFileReference; lastKnownFileType = sourcecode.swift; path = ItemGroupSummaryTableViewController.swift; sourceTree = "<group>"; };
		B98BD44B2089E06C008B6619 /* ItemGroupEditDTO.swift */ = {isa = PBXFileReference; lastKnownFileType = sourcecode.swift; path = ItemGroupEditDTO.swift; sourceTree = "<group>"; };
		B9A22F262090234800D94C57 /* ItemGalleryCollectionViewController.swift */ = {isa = PBXFileReference; lastKnownFileType = sourcecode.swift; path = ItemGalleryCollectionViewController.swift; sourceTree = "<group>"; };
		B9A22F282090247600D94C57 /* ItemGalleryCollectionViewCell2.swift */ = {isa = PBXFileReference; lastKnownFileType = sourcecode.swift; path = ItemGalleryCollectionViewCell2.swift; sourceTree = "<group>"; };
		B9A22F2C20903E4D00D94C57 /* ImageHelper.swift */ = {isa = PBXFileReference; lastKnownFileType = sourcecode.swift; path = ImageHelper.swift; sourceTree = "<group>"; };
		B9B568E5208364E700F89863 /* IndicatorHelper.swift */ = {isa = PBXFileReference; lastKnownFileType = sourcecode.swift; path = IndicatorHelper.swift; sourceTree = "<group>"; };
		B9BDB200207DC0E300DE43DB /* NumericHelper.swift */ = {isa = PBXFileReference; lastKnownFileType = sourcecode.swift; path = NumericHelper.swift; sourceTree = "<group>"; };
		B9BDB202207E04DE00DE43DB /* AlertHelper.swift */ = {isa = PBXFileReference; lastKnownFileType = sourcecode.swift; path = AlertHelper.swift; sourceTree = "<group>"; };
		B9E30802208845DB00D6EDD5 /* OnCreatedListener.swift */ = {isa = PBXFileReference; lastKnownFileType = sourcecode.swift; path = OnCreatedListener.swift; sourceTree = "<group>"; };
		B9E3080420888AF100D6EDD5 /* ItemViewController.swift */ = {isa = PBXFileReference; lastKnownFileType = sourcecode.swift; path = ItemViewController.swift; sourceTree = "<group>"; };
		B9E3080720888B1400D6EDD5 /* ItemBaseDTO.swift */ = {isa = PBXFileReference; lastKnownFileType = sourcecode.swift; path = ItemBaseDTO.swift; sourceTree = "<group>"; };
		B9E3080920888BD200D6EDD5 /* ItemViewDTO.swift */ = {isa = PBXFileReference; lastKnownFileType = sourcecode.swift; path = ItemViewDTO.swift; sourceTree = "<group>"; };
		B9E3080B20888CAB00D6EDD5 /* ItemTableViewCell.swift */ = {isa = PBXFileReference; lastKnownFileType = sourcecode.swift; path = ItemTableViewCell.swift; sourceTree = "<group>"; };
		B9EED928208CB9EE0059DF8D /* SubmitItemDTO.swift */ = {isa = PBXFileReference; lastKnownFileType = sourcecode.swift; path = SubmitItemDTO.swift; sourceTree = "<group>"; };
		B9F1192A208B432F00F97161 /* ReceiveTableViewController.swift */ = {isa = PBXFileReference; lastKnownFileType = sourcecode.swift; path = ReceiveTableViewController.swift; sourceTree = "<group>"; };
		B9F11934208B7AE300F97161 /* ItemTableViewDataSource.swift */ = {isa = PBXFileReference; lastKnownFileType = sourcecode.swift; path = ItemTableViewDataSource.swift; sourceTree = "<group>"; };
		B9F11936208B7D2300F97161 /* ItemTableViewCellForDataSource.swift */ = {isa = PBXFileReference; lastKnownFileType = sourcecode.swift; path = ItemTableViewCellForDataSource.swift; sourceTree = "<group>"; };
		B9F11939208B840A00F97161 /* ReceiveItemNewDTO.swift */ = {isa = PBXFileReference; lastKnownFileType = sourcecode.swift; path = ReceiveItemNewDTO.swift; sourceTree = "<group>"; };
		B9F1193B208B896000F97161 /* IntExtension.swift */ = {isa = PBXFileReference; lastKnownFileType = sourcecode.swift; path = IntExtension.swift; sourceTree = "<group>"; };
		B9F1193D208B89D100F97161 /* DoubleExtension.swift */ = {isa = PBXFileReference; lastKnownFileType = sourcecode.swift; path = DoubleExtension.swift; sourceTree = "<group>"; };
		B9F1193F208B971D00F97161 /* ReceiveSummaryTableViewController.swift */ = {isa = PBXFileReference; lastKnownFileType = sourcecode.swift; path = ReceiveSummaryTableViewController.swift; sourceTree = "<group>"; };
		BF048EF2ED9C46935A6DB050 /* Pods-X-Admin.release.xcconfig */ = {isa = PBXFileReference; includeInIndex = 1; lastKnownFileType = text.xcconfig; name = "Pods-X-Admin.release.xcconfig"; path = "Pods/Target Support Files/Pods-X-Admin/Pods-X-Admin.release.xcconfig"; sourceTree = "<group>"; };
/* End PBXFileReference section */

/* Begin PBXFrameworksBuildPhase section */
		188395731FCBB4B7004A8592 /* Frameworks */ = {
			isa = PBXFrameworksBuildPhase;
			buildActionMask = 2147483647;
			files = (
				519958425F64E9A4B435F8C4 /* Pods_X_Admin.framework in Frameworks */,
			);
			runOnlyForDeploymentPostprocessing = 0;
		};
/* End PBXFrameworksBuildPhase section */

/* Begin PBXGroup section */
		181B44EC202162DA004631DB /* ItemGroup */ = {
			isa = PBXGroup;
			children = (
				1855FAA3201EDA5200CD8909 /* ItemGroupBase.swift */,
				1850D566201F3A2600D63928 /* ItemGroupWithDocumentModel.swift */,
				1855FAA5201EDA9C00CD8909 /* ItemGroupWithUploadImagesModel.swift */,
			);
			name = ItemGroup;
			sourceTree = "<group>";
		};
		181B44ED2021804E004631DB /* modules */ = {
			isa = PBXGroup;
			children = (
				B907EDD1208EE6D700DD3564 /* auth */,
				B9520735208D984E00841A21 /* more */,
				18FA661B1FE2296E002742CE /* Item */,
				18D83B5B1FCC118E00B79AE8 /* Customer */,
				18EC041F1FE374FE00A3FE49 /* ItemGroup */,
				B92E03FD207331C2002DAD4C /* SaleOrder */,
				181F18AA2022F924002D4DCB /* Report */,
				18E6C7F42021C2E000C30FA0 /* SlideShow */,
				1826D0CC2008D14D00AC8B42 /* Issue */,
				184FC9E0200711FC00254F82 /* Receive */,
				184FC9E520071EB100254F82 /* SearchItem */,
			);
			path = modules;
			sourceTree = "<group>";
		};
		181F18AA2022F924002D4DCB /* Report */ = {
			isa = PBXGroup;
			children = (
				181F18AB2022F93F002D4DCB /* ReportViewController.swift */,
			);
			path = Report;
			sourceTree = "<group>";
		};
		181F8C3E1FD6A25700D08AAF /* Model */ = {
			isa = PBXGroup;
			children = (
				18E6C7F72021C94E00C30FA0 /* SlideShow */,
				181B44EC202162DA004631DB /* ItemGroup */,
				181F8C3F1FD6A28500D08AAF /* CustomerModel.swift */,
				18FA66261FE23079002742CE /* ItemModel.swift */,
				18EC04241FE375CF00A3FE49 /* ItemGroupModel.swift */,
				18870BF61FFF6CD8003242DC /* MetaDataModel.swift */,
				1826D0C82008A2E300AC8B42 /* ReceiveIssueModel.swift */,
				1826D0CA2008CA2B00AC8B42 /* SettingModel.swift */,
				181D4AB0200D9BA300BFCA06 /* UserModel.swift */,
				181D4AB2200DAE8800BFCA06 /* WarehouseModel.swift */,
				181D4AB4200DAF3000BFCA06 /* UserProfileModel.swift */,
				184A88D7200F49430094F994 /* ItemBase.swift */,
				18ADAC4A2015E40E00C04532 /* DocumentModel.swift */,
			);
			name = Model;
			sourceTree = "<group>";
		};
		182102B9200CBC0200267F9E /* Auth */ = {
			isa = PBXGroup;
			children = (
				182102BA200CBC1F00267F9E /* Auth.swift */,
			);
			path = Auth;
			sourceTree = "<group>";
		};
		1826D0CC2008D14D00AC8B42 /* Issue */ = {
			isa = PBXGroup;
			children = (
				1826D0CD2008D16200AC8B42 /* Issue.swift */,
			);
			path = Issue;
			sourceTree = "<group>";
		};
		184BE1DE1FD5185A001AA013 /* Server */ = {
			isa = PBXGroup;
			children = (
				184BE1DF1FD51882001AA013 /* Loading.swift */,
				181F8C431FD6AB5900D08AAF /* Server.swift */,
			);
			name = Server;
			sourceTree = "<group>";
		};
		184FC9E0200711FC00254F82 /* Receive */ = {
			isa = PBXGroup;
			children = (
				184FC9E12007122B00254F82 /* Receive.swift */,
				184FC9EA20074DC200254F82 /* ReceiveSummary.swift */,
				1826D0C620089CC600AC8B42 /* ReceiveSubmit.swift */,
				B9F1192A208B432F00F97161 /* ReceiveTableViewController.swift */,
				B9F1193F208B971D00F97161 /* ReceiveSummaryTableViewController.swift */,
			);
			path = Receive;
			sourceTree = "<group>";
		};
		184FC9E520071EB100254F82 /* SearchItem */ = {
			isa = PBXGroup;
			children = (
				184FC9E620071EC900254F82 /* SearchItem.swift */,
			);
			path = SearchItem;
			sourceTree = "<group>";
		};
		186E458D201204FA0014E30A /* Setting */ = {
			isa = PBXGroup;
			children = (
				186E4590201206C10014E30A /* Setting.swift */,
			);
			path = Setting;
			sourceTree = "<group>";
		};
		1883956D1FCBB4B7004A8592 = {
			isa = PBXGroup;
			children = (
				B9F11932208B79DB00F97161 /* datasources */,
				B98BD4402089A745008B6619 /* extension */,
				188395781FCBB4B7004A8592 /* X-Admin */,
				B906FB18208741D2009BE880 /* protocols */,
				B9366598207381BB00942592 /* networking */,
				181B44ED2021804E004631DB /* modules */,
				B936659F20739D6B00942592 /* helpers */,
				B925B2C32080DE020049F70D /* enums */,
				182102B9200CBC0200267F9E /* Auth */,
				18ADAC432015952A00C04532 /* CollectionViewCell */,
				18CCC0661FFE23810043D74C /* CustomHelper */,
				45102BE816C5CEDA759FCBA4 /* Frameworks */,
				18D83B581FCBF72C00B79AE8 /* Home */,
				181F8C3E1FD6A25700D08AAF /* Model */,
				451FB404A4BAABFC522FB489 /* Pods */,
				188395771FCBB4B7004A8592 /* Products */,
				184BE1DE1FD5185A001AA013 /* Server */,
				186E458D201204FA0014E30A /* Setting */,
				1883958B1FCBB862004A8592 /* SWRevealViewController */,
				18F9B7661FD8E7A400BDC399 /* TableCell */,
			);
			sourceTree = "<group>";
		};
		188395771FCBB4B7004A8592 /* Products */ = {
			isa = PBXGroup;
			children = (
				188395761FCBB4B7004A8592 /* X-Admin.app */,
			);
			name = Products;
			sourceTree = "<group>";
		};
		188395781FCBB4B7004A8592 /* X-Admin */ = {
			isa = PBXGroup;
			children = (
				188395791FCBB4B7004A8592 /* AppDelegate.swift */,
				1883957B1FCBB4B7004A8592 /* ViewController.swift */,
				1883957D1FCBB4B7004A8592 /* Main.storyboard */,
				188395801FCBB4B7004A8592 /* Assets.xcassets */,
				188395821FCBB4B7004A8592 /* LaunchScreen.storyboard */,
				188395851FCBB4B7004A8592 /* Info.plist */,
			);
			path = "X-Admin";
			sourceTree = "<group>";
		};
		1883958B1FCBB862004A8592 /* SWRevealViewController */ = {
			isa = PBXGroup;
			children = (
				1883958D1FCBB88B004A8592 /* SWRevealViewController.h */,
				1883958E1FCBB88B004A8592 /* SWRevealViewController.m */,
				1883958C1FCBB88B004A8592 /* X-Admin-Bridging-Header.h */,
			);
			name = SWRevealViewController;
			sourceTree = "<group>";
		};
		18ADAC432015952A00C04532 /* CollectionViewCell */ = {
			isa = PBXGroup;
			children = (
				18ADAC442015954E00C04532 /* ItemGalleryCollectionViewCell.swift */,
			);
			path = CollectionViewCell;
			sourceTree = "<group>";
		};
		18CCC0661FFE23810043D74C /* CustomHelper */ = {
			isa = PBXGroup;
			children = (
				18CCC0671FFE23A50043D74C /* CustomHelper.swift */,
				181D4AB6200DF82400BFCA06 /* RequestMethod.swift */,
				1834ABBC201845350086DC79 /* Mode.swift */,
			);
			path = CustomHelper;
			sourceTree = "<group>";
		};
		18D83B581FCBF72C00B79AE8 /* Home */ = {
			isa = PBXGroup;
			children = (
				18D83B591FCBF74A00B79AE8 /* Home.swift */,
			);
			name = Home;
			sourceTree = "<group>";
		};
		18D83B5B1FCC118E00B79AE8 /* Customer */ = {
			isa = PBXGroup;
			children = (
				18D83B5C1FCC12F700B79AE8 /* Customer.swift */,
				18F770541FCD0966005D5D21 /* CustomerSummary.swift */,
				B97368DF2082FD16002AC6CD /* CustomerViewController.swift */,
				B97368E120830198002AC6CD /* CustomerTableViewCell.swift */,
				B942B3EA20848B7500AF99CB /* CustomerSummaryTableViewController.swift */,
			);
			name = Customer;
			path = ..;
			sourceTree = "<group>";
		};
		18E6C7F42021C2E000C30FA0 /* SlideShow */ = {
			isa = PBXGroup;
			children = (
				18E6C7F52021C2FD00C30FA0 /* SlideShowCollectionViewController.swift */,
			);
			path = SlideShow;
			sourceTree = "<group>";
		};
		18E6C7F72021C94E00C30FA0 /* SlideShow */ = {
			isa = PBXGroup;
			children = (
				18E6C7F82021C96900C30FA0 /* SlideShowWithDocumentModel.swift */,
				181118942021E45B0007D621 /* SlideShowWithUploadImagesModel.swift */,
			);
			name = SlideShow;
			sourceTree = "<group>";
		};
		18EC041F1FE374FE00A3FE49 /* ItemGroup */ = {
			isa = PBXGroup;
			children = (
				18EC04281FE37C2600A3FE49 /* ItemGroup.swift */,
				18EC042A1FE3807200A3FE49 /* ItemGroupSummary.swift */,
				184EE4BE1FFB2973005BB941 /* ItemGroupCheckbox.swift */,
				B98BD4452089D1CA008B6619 /* ItemGroupTableViewCell.swift */,
				B98BD4472089D207008B6619 /* ItemGroupViewController.swift */,
				B98BD4492089D271008B6619 /* ItemGroupSummaryTableViewController.swift */,
			);
			name = ItemGroup;
			path = ..;
			sourceTree = "<group>";
		};
		18F9B7661FD8E7A400BDC399 /* TableCell */ = {
			isa = PBXGroup;
			children = (
				18EC04221FE3754100A3FE49 /* ItemGroupCell.swift */,
				18D83B5E1FCC169700B79AE8 /* CustomerCell.swift */,
				18FA66241FE22FBF002742CE /* ItemCell.swift */,
				184EE4C01FFB2E6F005BB941 /* ItemGroupCheckboxCell.swift */,
				184FC9E32007123D00254F82 /* ReceiveCell.swift */,
				184FC9E820071EE100254F82 /* SearchItemCell.swift */,
				1826D0CF2008D17B00AC8B42 /* IssueCell.swift */,
			);
			name = TableCell;
			sourceTree = "<group>";
		};
		18FA661B1FE2296E002742CE /* Item */ = {
			isa = PBXGroup;
			children = (
				18FA66221FE22F79002742CE /* Item.swift */,
				18FA66281FE27AE6002742CE /* ItemSummary.swift */,
				18ADAC3E20158DD200C04532 /* ItemGallery.swift */,
				B9E3080420888AF100D6EDD5 /* ItemViewController.swift */,
				B9E3080B20888CAB00D6EDD5 /* ItemTableViewCell.swift */,
				B98BD43420898D9E008B6619 /* ItemSummaryTableViewController.swift */,
				B9A22F262090234800D94C57 /* ItemGalleryCollectionViewController.swift */,
				B9A22F282090247600D94C57 /* ItemGalleryCollectionViewCell2.swift */,
			);
			name = Item;
			path = ..;
			sourceTree = "<group>";
		};
		45102BE816C5CEDA759FCBA4 /* Frameworks */ = {
			isa = PBXGroup;
			children = (
				B749CE0EF7A3CAEC581BAE62 /* Pods_X_Admin.framework */,
			);
			name = Frameworks;
			sourceTree = "<group>";
		};
		451FB404A4BAABFC522FB489 /* Pods */ = {
			isa = PBXGroup;
			children = (
				3DC30710F44923CEBE2A1A92 /* Pods-X-Admin.debug.xcconfig */,
				BF048EF2ED9C46935A6DB050 /* Pods-X-Admin.release.xcconfig */,
			);
			name = Pods;
			sourceTree = "<group>";
		};
		B906FB18208741D2009BE880 /* protocols */ = {
			isa = PBXGroup;
			children = (
				B906FB19208741F5009BE880 /* OnUpdatedListener.swift */,
				B9E30802208845DB00D6EDD5 /* OnCreatedListener.swift */,
				B942F3BE208AF5DF00882EFA /* OnSelectedTableRowListener.swift */,
				B921F508208C408B00EEC19E /* OnMassSavedListener.swift */,
			);
			path = protocols;
			sourceTree = "<group>";
		};
		B907EDD1208EE6D700DD3564 /* auth */ = {
			isa = PBXGroup;
			children = (
				B907EDD2208EE6F000DD3564 /* LoginTableViewController.swift */,
				B907EDD4208EE73800DD3564 /* SettingTableViewController.swift */,
			);
			path = auth;
			sourceTree = "<group>";
		};
		B907EDD6208F0FAE00DD3564 /* user */ = {
			isa = PBXGroup;
			children = (
				B907EDD7208F0FBE00DD3564 /* UserLoginDTO.swift */,
				B907EDD9208F17CE00DD3564 /* UserViewDTO.swift */,
				B907EDDB208F1B7900DD3564 /* UserProfileViewDTO.swift */,
			);
			path = user;
			sourceTree = "<group>";
		};
		B907EDDD208F1C1400DD3564 /* setting */ = {
			isa = PBXGroup;
			children = (
				B907EDDE208F1C2500DD3564 /* SettingViewDTO.swift */,
			);
			path = setting;
			sourceTree = "<group>";
		};
		B907EDE0208F1CC300DD3564 /* warehouse */ = {
			isa = PBXGroup;
			children = (
				B907EDE1208F1CD700DD3564 /* WarehouseViewDTO.swift */,
			);
			path = warehouse;
			sourceTree = "<group>";
		};
		B91B7CCD207CBE03007FF69B /* customer */ = {
			isa = PBXGroup;
			children = (
				B91B7CCE207CBE25007FF69B /* CustomerBaseDTO.swift */,
				B91B7CD0207CBED1007FF69B /* CustomerViewDTO.swift */,
				B90E08AB2086FC4300547F5C /* CustomerNewDTO.swift */,
				B90E08AF2086FF4100547F5C /* CustomerEditDTO.swift */,
			);
			path = customer;
			sourceTree = "<group>";
		};
		B925B2C32080DE020049F70D /* enums */ = {
			isa = PBXGroup;
			children = (
				B925B2C42080DE370049F70D /* RequestMethodEnum.swift */,
			);
			path = enums;
			sourceTree = "<group>";
		};
		B92E03FD207331C2002DAD4C /* SaleOrder */ = {
			isa = PBXGroup;
			children = (
				B936659420736EAF00942592 /* SaleOrderViewController.swift */,
				B936659620736F0B00942592 /* SaleOrderTableViewCell.swift */,
			);
			path = SaleOrder;
			sourceTree = "<group>";
		};
		B9366598207381BB00942592 /* networking */ = {
			isa = PBXGroup;
			children = (
				B9366599207381E800942592 /* dto */,
			);
			path = networking;
			sourceTree = "<group>";
		};
		B9366599207381E800942592 /* dto */ = {
			isa = PBXGroup;
			children = (
				B952855F2090917A00D7E179 /* document */,
				B907EDE0208F1CC300DD3564 /* warehouse */,
				B907EDDD208F1C1400DD3564 /* setting */,
				B907EDD6208F0FAE00DD3564 /* user */,
				B9520738208DA86100841A21 /* issueitem */,
				B9F11938208B83B300F97161 /* receiveitem */,
				B98BD438208999F4008B6619 /* itemgroup */,
				B9E3080620888B0000D6EDD5 /* item */,
				B91B7CCD207CBE03007FF69B /* customer */,
				B936659A2073820600942592 /* saleorder */,
				B9471C2F207786C70065010A /* MetaDataDTO.swift */,
				B93004C12081FC6B00731852 /* GetListDTO.swift */,
				B906FB1620872C3B009BE880 /* ErrorDTO.swift */,
				B9EED928208CB9EE0059DF8D /* SubmitItemDTO.swift */,
			);
			path = dto;
			sourceTree = "<group>";
		};
		B936659A2073820600942592 /* saleorder */ = {
			isa = PBXGroup;
			children = (
				B936659B2073823A00942592 /* SaleOrderBase.swift */,
				B936659D2073831900942592 /* SaleOrderViewDTO.swift */,
			);
			path = saleorder;
			sourceTree = "<group>";
		};
		B936659F20739D6B00942592 /* helpers */ = {
			isa = PBXGroup;
			children = (
				B93665A020739DE700942592 /* ApiHelper.swift */,
				B9BDB200207DC0E300DE43DB /* NumericHelper.swift */,
				B9BDB202207E04DE00DE43DB /* AlertHelper.swift */,
				B93004C320820DF000731852 /* ConstantHelper.swift */,
				B9B568E5208364E700F89863 /* IndicatorHelper.swift */,
				B9A22F2C20903E4D00D94C57 /* ImageHelper.swift */,
			);
			path = helpers;
			sourceTree = "<group>";
		};
		B9520735208D984E00841A21 /* more */ = {
			isa = PBXGroup;
			children = (
				B9520736208D986E00841A21 /* MoreViewController.swift */,
			);
			path = more;
			sourceTree = "<group>";
		};
		B9520738208DA86100841A21 /* issueitem */ = {
			isa = PBXGroup;
			children = (
				B9520739208DA87200841A21 /* IssueItemNewDTO.swift */,
			);
			path = issueitem;
			sourceTree = "<group>";
		};
		B952855F2090917A00D7E179 /* document */ = {
			isa = PBXGroup;
			children = (
				B95285602090918C00D7E179 /* DocumentViewDTO.swift */,
			);
			path = document;
			sourceTree = "<group>";
		};
		B98BD438208999F4008B6619 /* itemgroup */ = {
			isa = PBXGroup;
			children = (
				B98BD43920899A05008B6619 /* ItemGroupBaseDTO.swift */,
				B98BD43B20899A58008B6619 /* ItemGroupViewDTO.swift */,
				B98BD44B2089E06C008B6619 /* ItemGroupEditDTO.swift */,
			);
			path = itemgroup;
			sourceTree = "<group>";
		};
		B98BD4402089A745008B6619 /* extension */ = {
			isa = PBXGroup;
			children = (
				B98BD4412089A760008B6619 /* StringExtension.swift */,
				B9F1193B208B896000F97161 /* IntExtension.swift */,
				B9F1193D208B89D100F97161 /* DoubleExtension.swift */,
			);
			path = extension;
			sourceTree = "<group>";
		};
		B9E3080620888B0000D6EDD5 /* item */ = {
			isa = PBXGroup;
			children = (
				B9E3080720888B1400D6EDD5 /* ItemBaseDTO.swift */,
				B9E3080920888BD200D6EDD5 /* ItemViewDTO.swift */,
				B98BD43D2089A1EC008B6619 /* ItemEditDTO.swift */,
				B93812992090685E00CE0517 /* ItemUploadImagesDTO.swift */,
			);
			path = item;
			sourceTree = "<group>";
		};
		B9F11932208B79DB00F97161 /* datasources */ = {
			isa = PBXGroup;
			children = (
				B9F11933208B79E800F97161 /* tableviews */,
			);
			path = datasources;
			sourceTree = "<group>";
		};
		B9F11933208B79E800F97161 /* tableviews */ = {
			isa = PBXGroup;
			children = (
				B9F11934208B7AE300F97161 /* ItemTableViewDataSource.swift */,
				B9F11936208B7D2300F97161 /* ItemTableViewCellForDataSource.swift */,
			);
			path = tableviews;
			sourceTree = "<group>";
		};
		B9F11938208B83B300F97161 /* receiveitem */ = {
			isa = PBXGroup;
			children = (
				B9F11939208B840A00F97161 /* ReceiveItemNewDTO.swift */,
			);
			path = receiveitem;
			sourceTree = "<group>";
		};
/* End PBXGroup section */

/* Begin PBXNativeTarget section */
		188395751FCBB4B7004A8592 /* X-Admin */ = {
			isa = PBXNativeTarget;
			buildConfigurationList = 188395881FCBB4B7004A8592 /* Build configuration list for PBXNativeTarget "X-Admin" */;
			buildPhases = (
				B571D7AC298C0A997E5C417A /* [CP] Check Pods Manifest.lock */,
				188395721FCBB4B7004A8592 /* Sources */,
				188395731FCBB4B7004A8592 /* Frameworks */,
				188395741FCBB4B7004A8592 /* Resources */,
				3E6B91BC27493F580500DC01 /* [CP] Embed Pods Frameworks */,
			);
			buildRules = (
			);
			dependencies = (
			);
			name = "X-Admin";
			productName = "X-Admin";
			productReference = 188395761FCBB4B7004A8592 /* X-Admin.app */;
			productType = "com.apple.product-type.application";
		};
/* End PBXNativeTarget section */

/* Begin PBXProject section */
		1883956E1FCBB4B7004A8592 /* Project object */ = {
			isa = PBXProject;
			attributes = {
				LastSwiftUpdateCheck = 0830;
				LastUpgradeCheck = 0830;
				ORGANIZATIONNAME = SeavTy;
				TargetAttributes = {
					188395751FCBB4B7004A8592 = {
						CreatedOnToolsVersion = 8.3.3;
						DevelopmentTeam = C2W9K3KBQ2;
						LastSwiftMigration = 0920;
						ProvisioningStyle = Automatic;
					};
				};
			};
			buildConfigurationList = 188395711FCBB4B7004A8592 /* Build configuration list for PBXProject "X-Admin" */;
			compatibilityVersion = "Xcode 3.2";
			developmentRegion = English;
			hasScannedForEncodings = 0;
			knownRegions = (
				en,
				Base,
			);
			mainGroup = 1883956D1FCBB4B7004A8592;
			productRefGroup = 188395771FCBB4B7004A8592 /* Products */;
			projectDirPath = "";
			projectRoot = "";
			targets = (
				188395751FCBB4B7004A8592 /* X-Admin */,
			);
		};
/* End PBXProject section */

/* Begin PBXResourcesBuildPhase section */
		188395741FCBB4B7004A8592 /* Resources */ = {
			isa = PBXResourcesBuildPhase;
			buildActionMask = 2147483647;
			files = (
				188395841FCBB4B7004A8592 /* LaunchScreen.storyboard in Resources */,
				188395811FCBB4B7004A8592 /* Assets.xcassets in Resources */,
				1883957F1FCBB4B7004A8592 /* Main.storyboard in Resources */,
			);
			runOnlyForDeploymentPostprocessing = 0;
		};
/* End PBXResourcesBuildPhase section */

/* Begin PBXShellScriptBuildPhase section */
		3E6B91BC27493F580500DC01 /* [CP] Embed Pods Frameworks */ = {
			isa = PBXShellScriptBuildPhase;
			buildActionMask = 2147483647;
			files = (
			);
			inputPaths = (
				"${SRCROOT}/Pods/Target Support Files/Pods-X-Admin/Pods-X-Admin-frameworks.sh",
				"${BUILT_PRODUCTS_DIR}/Alamofire/Alamofire.framework",
				"${BUILT_PRODUCTS_DIR}/AlamofireImage/AlamofireImage.framework",
				"${BUILT_PRODUCTS_DIR}/HandyJSON/HandyJSON.framework",
				"${BUILT_PRODUCTS_DIR}/OpalImagePicker/OpalImagePicker.framework",
				"${BUILT_PRODUCTS_DIR}/SwiftyJSON/SwiftyJSON.framework",
				"${BUILT_PRODUCTS_DIR}/Toast-Swift/Toast_Swift.framework",
				"${BUILT_PRODUCTS_DIR}/Toaster/Toaster.framework",
			);
			name = "[CP] Embed Pods Frameworks";
			outputPaths = (
				"${TARGET_BUILD_DIR}/${FRAMEWORKS_FOLDER_PATH}/Alamofire.framework",
				"${TARGET_BUILD_DIR}/${FRAMEWORKS_FOLDER_PATH}/AlamofireImage.framework",
				"${TARGET_BUILD_DIR}/${FRAMEWORKS_FOLDER_PATH}/HandyJSON.framework",
				"${TARGET_BUILD_DIR}/${FRAMEWORKS_FOLDER_PATH}/OpalImagePicker.framework",
				"${TARGET_BUILD_DIR}/${FRAMEWORKS_FOLDER_PATH}/SwiftyJSON.framework",
				"${TARGET_BUILD_DIR}/${FRAMEWORKS_FOLDER_PATH}/Toast_Swift.framework",
				"${TARGET_BUILD_DIR}/${FRAMEWORKS_FOLDER_PATH}/Toaster.framework",
			);
			runOnlyForDeploymentPostprocessing = 0;
			shellPath = /bin/sh;
			shellScript = "\"${SRCROOT}/Pods/Target Support Files/Pods-X-Admin/Pods-X-Admin-frameworks.sh\"\n";
			showEnvVarsInLog = 0;
		};
		B571D7AC298C0A997E5C417A /* [CP] Check Pods Manifest.lock */ = {
			isa = PBXShellScriptBuildPhase;
			buildActionMask = 2147483647;
			files = (
			);
			inputPaths = (
				"${PODS_PODFILE_DIR_PATH}/Podfile.lock",
				"${PODS_ROOT}/Manifest.lock",
			);
			name = "[CP] Check Pods Manifest.lock";
			outputPaths = (
				"$(DERIVED_FILE_DIR)/Pods-X-Admin-checkManifestLockResult.txt",
			);
			runOnlyForDeploymentPostprocessing = 0;
			shellPath = /bin/sh;
			shellScript = "diff \"${PODS_PODFILE_DIR_PATH}/Podfile.lock\" \"${PODS_ROOT}/Manifest.lock\" > /dev/null\nif [ $? != 0 ] ; then\n    # print error to STDERR\n    echo \"error: The sandbox is not in sync with the Podfile.lock. Run 'pod install' or update your CocoaPods installation.\" >&2\n    exit 1\nfi\n# This output is used by Xcode 'outputs' to avoid re-running this script phase.\necho \"SUCCESS\" > \"${SCRIPT_OUTPUT_FILE_0}\"\n";
			showEnvVarsInLog = 0;
		};
/* End PBXShellScriptBuildPhase section */

/* Begin PBXSourcesBuildPhase section */
		188395721FCBB4B7004A8592 /* Sources */ = {
			isa = PBXSourcesBuildPhase;
			buildActionMask = 2147483647;
			files = (
				184FC9E920071EE100254F82 /* SearchItemCell.swift in Sources */,
				1826D0CE2008D16200AC8B42 /* Issue.swift in Sources */,
				184FC9E22007122B00254F82 /* Receive.swift in Sources */,
				1826D0C92008A2E300AC8B42 /* ReceiveIssueModel.swift in Sources */,
				B9E3080C20888CAB00D6EDD5 /* ItemTableViewCell.swift in Sources */,
				B9F1193C208B896000F97161 /* IntExtension.swift in Sources */,
				B907EDDC208F1B7900DD3564 /* UserProfileViewDTO.swift in Sources */,
				B906FB1720872C3B009BE880 /* ErrorDTO.swift in Sources */,
				B93665A120739DE700942592 /* ApiHelper.swift in Sources */,
				B95285612090918C00D7E179 /* DocumentViewDTO.swift in Sources */,
				181F8C441FD6AB5900D08AAF /* Server.swift in Sources */,
				1855FAA4201EDA5200CD8909 /* ItemGroupBase.swift in Sources */,
				B91B7CD1207CBED1007FF69B /* CustomerViewDTO.swift in Sources */,
				B97368E02082FD16002AC6CD /* CustomerViewController.swift in Sources */,
				B98BD43A20899A05008B6619 /* ItemGroupBaseDTO.swift in Sources */,
				181D4AB3200DAE8800BFCA06 /* WarehouseModel.swift in Sources */,
				B9E3080A20888BD200D6EDD5 /* ItemViewDTO.swift in Sources */,
				1883957C1FCBB4B7004A8592 /* ViewController.swift in Sources */,
				18E6C7F62021C2FD00C30FA0 /* SlideShowCollectionViewController.swift in Sources */,
				B9F1192B208B432F00F97161 /* ReceiveTableViewController.swift in Sources */,
				18FA66271FE23079002742CE /* ItemModel.swift in Sources */,
				B9A22F2D20903E4D00D94C57 /* ImageHelper.swift in Sources */,
				184EE4BF1FFB2973005BB941 /* ItemGroupCheckbox.swift in Sources */,
				B93004C22081FC6B00731852 /* GetListDTO.swift in Sources */,
				B907EDE2208F1CD700DD3564 /* WarehouseViewDTO.swift in Sources */,
				B906FB1A208741F5009BE880 /* OnUpdatedListener.swift in Sources */,
				B9F1193A208B840A00F97161 /* ReceiveItemNewDTO.swift in Sources */,
				B98BD43520898D9E008B6619 /* ItemSummaryTableViewController.swift in Sources */,
				181D4AB1200D9BA300BFCA06 /* UserModel.swift in Sources */,
				18ADAC4B2015E40E00C04532 /* DocumentModel.swift in Sources */,
				1850D567201F3A2600D63928 /* ItemGroupWithDocumentModel.swift in Sources */,
				181D4AB5200DAF3000BFCA06 /* UserProfileModel.swift in Sources */,
				18D83B5F1FCC169700B79AE8 /* CustomerCell.swift in Sources */,
				18D83B5D1FCC12F700B79AE8 /* Customer.swift in Sources */,
				B907EDDA208F17CE00DD3564 /* UserViewDTO.swift in Sources */,
				184FC9E42007123D00254F82 /* ReceiveCell.swift in Sources */,
				B90E08AC2086FC4300547F5C /* CustomerNewDTO.swift in Sources */,
				B98BD44A2089D271008B6619 /* ItemGroupSummaryTableViewController.swift in Sources */,
				1883957A1FCBB4B7004A8592 /* AppDelegate.swift in Sources */,
				B9BDB201207DC0E300DE43DB /* NumericHelper.swift in Sources */,
				184FC9E720071EC900254F82 /* SearchItem.swift in Sources */,
				B952073A208DA87200841A21 /* IssueItemNewDTO.swift in Sources */,
				B98BD4422089A760008B6619 /* StringExtension.swift in Sources */,
				184FC9EB20074DC200254F82 /* ReceiveSummary.swift in Sources */,
				B9F1193E208B89D100F97161 /* DoubleExtension.swift in Sources */,
				186E4591201206C10014E30A /* Setting.swift in Sources */,
				18D83B5A1FCBF74A00B79AE8 /* Home.swift in Sources */,
				18EC042B1FE3807200A3FE49 /* ItemGroupSummary.swift in Sources */,
				B9F11935208B7AE300F97161 /* ItemTableViewDataSource.swift in Sources */,
				1855FAA6201EDA9C00CD8909 /* ItemGroupWithUploadImagesModel.swift in Sources */,
				184EE4C11FFB2E6F005BB941 /* ItemGroupCheckboxCell.swift in Sources */,
				18FA66231FE22F79002742CE /* Item.swift in Sources */,
				1883958F1FCBB88B004A8592 /* SWRevealViewController.m in Sources */,
				B98BD43E2089A1EC008B6619 /* ItemEditDTO.swift in Sources */,
				B9EED929208CB9EE0059DF8D /* SubmitItemDTO.swift in Sources */,
				B9B568E6208364E700F89863 /* IndicatorHelper.swift in Sources */,
				B907EDD5208EE73800DD3564 /* SettingTableViewController.swift in Sources */,
				B9E3080820888B1400D6EDD5 /* ItemBaseDTO.swift in Sources */,
				181F18AC2022F93F002D4DCB /* ReportViewController.swift in Sources */,
				B942F3BF208AF5DF00882EFA /* OnSelectedTableRowListener.swift in Sources */,
				1826D0D02008D17B00AC8B42 /* IssueCell.swift in Sources */,
				B97368E220830198002AC6CD /* CustomerTableViewCell.swift in Sources */,
				18870BF71FFF6CD8003242DC /* MetaDataModel.swift in Sources */,
				B98BD4462089D1CA008B6619 /* ItemGroupTableViewCell.swift in Sources */,
				B9A22F272090234800D94C57 /* ItemGalleryCollectionViewController.swift in Sources */,
				B9F11937208B7D2300F97161 /* ItemTableViewCellForDataSource.swift in Sources */,
				18EC04231FE3754100A3FE49 /* ItemGroupCell.swift in Sources */,
				B93004C420820DF000731852 /* ConstantHelper.swift in Sources */,
				B90E08B02086FF4100547F5C /* CustomerEditDTO.swift in Sources */,
				B98BD44C2089E06C008B6619 /* ItemGroupEditDTO.swift in Sources */,
				B91B7CCF207CBE25007FF69B /* CustomerBaseDTO.swift in Sources */,
				B9E3080520888AF100D6EDD5 /* ItemViewController.swift in Sources */,
				1834ABBD201845350086DC79 /* Mode.swift in Sources */,
				1826D0CB2008CA2B00AC8B42 /* SettingModel.swift in Sources */,
				182102BB200CBC1F00267F9E /* Auth.swift in Sources */,
				B9471C30207786C70065010A /* MetaDataDTO.swift in Sources */,
				B942B3EB20848B7500AF99CB /* CustomerSummaryTableViewController.swift in Sources */,
				B9520737208D986E00841A21 /* MoreViewController.swift in Sources */,
				18E6C7F92021C96900C30FA0 /* SlideShowWithDocumentModel.swift in Sources */,
				18CCC0681FFE23A50043D74C /* CustomHelper.swift in Sources */,
				B936659520736EAF00942592 /* SaleOrderViewController.swift in Sources */,
				B9E30803208845DB00D6EDD5 /* OnCreatedListener.swift in Sources */,
				B938129A2090685E00CE0517 /* ItemUploadImagesDTO.swift in Sources */,
				B907EDD8208F0FBE00DD3564 /* UserLoginDTO.swift in Sources */,
				18FA66251FE22FBF002742CE /* ItemCell.swift in Sources */,
				18ADAC452015954E00C04532 /* ItemGalleryCollectionViewCell.swift in Sources */,
				18EC04291FE37C2600A3FE49 /* ItemGroup.swift in Sources */,
				B925B2C52080DE370049F70D /* RequestMethodEnum.swift in Sources */,
				B9A22F292090247600D94C57 /* ItemGalleryCollectionViewCell2.swift in Sources */,
				B936659E2073831900942592 /* SaleOrderViewDTO.swift in Sources */,
				184BE1E01FD51882001AA013 /* Loading.swift in Sources */,
				B9F11940208B971D00F97161 /* ReceiveSummaryTableViewController.swift in Sources */,
				B936659720736F0B00942592 /* SaleOrderTableViewCell.swift in Sources */,
				B936659C2073823A00942592 /* SaleOrderBase.swift in Sources */,
				B98BD4482089D207008B6619 /* ItemGroupViewController.swift in Sources */,
				B98BD43C20899A58008B6619 /* ItemGroupViewDTO.swift in Sources */,
				18FA66291FE27AE6002742CE /* ItemSummary.swift in Sources */,
				B907EDDF208F1C2500DD3564 /* SettingViewDTO.swift in Sources */,
				181D4AB7200DF82400BFCA06 /* RequestMethod.swift in Sources */,
				181F8C401FD6A28500D08AAF /* CustomerModel.swift in Sources */,
				18ADAC3F20158DD200C04532 /* ItemGallery.swift in Sources */,
				B9BDB203207E04DE00DE43DB /* AlertHelper.swift in Sources */,
				181118952021E45B0007D621 /* SlideShowWithUploadImagesModel.swift in Sources */,
				1826D0C720089CC600AC8B42 /* ReceiveSubmit.swift in Sources */,
				184A88D8200F49430094F994 /* ItemBase.swift in Sources */,
				18F770551FCD0966005D5D21 /* CustomerSummary.swift in Sources */,
				B921F509208C408B00EEC19E /* OnMassSavedListener.swift in Sources */,
				18EC04251FE375CF00A3FE49 /* ItemGroupModel.swift in Sources */,
				B907EDD3208EE6F000DD3564 /* LoginTableViewController.swift in Sources */,
			);
			runOnlyForDeploymentPostprocessing = 0;
		};
/* End PBXSourcesBuildPhase section */

/* Begin PBXVariantGroup section */
		1883957D1FCBB4B7004A8592 /* Main.storyboard */ = {
			isa = PBXVariantGroup;
			children = (
				1883957E1FCBB4B7004A8592 /* Base */,
			);
			name = Main.storyboard;
			sourceTree = "<group>";
		};
		188395821FCBB4B7004A8592 /* LaunchScreen.storyboard */ = {
			isa = PBXVariantGroup;
			children = (
				188395831FCBB4B7004A8592 /* Base */,
			);
			name = LaunchScreen.storyboard;
			sourceTree = "<group>";
		};
/* End PBXVariantGroup section */

/* Begin XCBuildConfiguration section */
		188395861FCBB4B7004A8592 /* Debug */ = {
			isa = XCBuildConfiguration;
			buildSettings = {
				ALWAYS_SEARCH_USER_PATHS = NO;
				CLANG_ANALYZER_NONNULL = YES;
				CLANG_ANALYZER_NUMBER_OBJECT_CONVERSION = YES_AGGRESSIVE;
				CLANG_CXX_LANGUAGE_STANDARD = "gnu++0x";
				CLANG_CXX_LIBRARY = "libc++";
				CLANG_ENABLE_MODULES = YES;
				CLANG_ENABLE_OBJC_ARC = YES;
				CLANG_WARN_BOOL_CONVERSION = YES;
				CLANG_WARN_CONSTANT_CONVERSION = YES;
				CLANG_WARN_DIRECT_OBJC_ISA_USAGE = YES_ERROR;
				CLANG_WARN_DOCUMENTATION_COMMENTS = YES;
				CLANG_WARN_EMPTY_BODY = YES;
				CLANG_WARN_ENUM_CONVERSION = YES;
				CLANG_WARN_INFINITE_RECURSION = YES;
				CLANG_WARN_INT_CONVERSION = YES;
				CLANG_WARN_OBJC_ROOT_CLASS = YES_ERROR;
				CLANG_WARN_SUSPICIOUS_MOVE = YES;
				CLANG_WARN_UNREACHABLE_CODE = YES;
				CLANG_WARN__DUPLICATE_METHOD_MATCH = YES;
				"CODE_SIGN_IDENTITY[sdk=iphoneos*]" = "iPhone Developer";
				COPY_PHASE_STRIP = NO;
				DEBUG_INFORMATION_FORMAT = dwarf;
				ENABLE_STRICT_OBJC_MSGSEND = YES;
				ENABLE_TESTABILITY = YES;
				GCC_C_LANGUAGE_STANDARD = gnu99;
				GCC_DYNAMIC_NO_PIC = NO;
				GCC_NO_COMMON_BLOCKS = YES;
				GCC_OPTIMIZATION_LEVEL = 0;
				GCC_PREPROCESSOR_DEFINITIONS = (
					"DEBUG=1",
					"$(inherited)",
				);
				GCC_WARN_64_TO_32_BIT_CONVERSION = YES;
				GCC_WARN_ABOUT_RETURN_TYPE = YES_ERROR;
				GCC_WARN_UNDECLARED_SELECTOR = YES;
				GCC_WARN_UNINITIALIZED_AUTOS = YES_AGGRESSIVE;
				GCC_WARN_UNUSED_FUNCTION = YES;
				GCC_WARN_UNUSED_VARIABLE = YES;
				IPHONEOS_DEPLOYMENT_TARGET = 10.3;
				MTL_ENABLE_DEBUG_INFO = YES;
				ONLY_ACTIVE_ARCH = YES;
				SDKROOT = iphoneos;
				SWIFT_ACTIVE_COMPILATION_CONDITIONS = DEBUG;
				SWIFT_OPTIMIZATION_LEVEL = "-Onone";
				TARGETED_DEVICE_FAMILY = "1,2";
			};
			name = Debug;
		};
		188395871FCBB4B7004A8592 /* Release */ = {
			isa = XCBuildConfiguration;
			buildSettings = {
				ALWAYS_SEARCH_USER_PATHS = NO;
				CLANG_ANALYZER_NONNULL = YES;
				CLANG_ANALYZER_NUMBER_OBJECT_CONVERSION = YES_AGGRESSIVE;
				CLANG_CXX_LANGUAGE_STANDARD = "gnu++0x";
				CLANG_CXX_LIBRARY = "libc++";
				CLANG_ENABLE_MODULES = YES;
				CLANG_ENABLE_OBJC_ARC = YES;
				CLANG_WARN_BOOL_CONVERSION = YES;
				CLANG_WARN_CONSTANT_CONVERSION = YES;
				CLANG_WARN_DIRECT_OBJC_ISA_USAGE = YES_ERROR;
				CLANG_WARN_DOCUMENTATION_COMMENTS = YES;
				CLANG_WARN_EMPTY_BODY = YES;
				CLANG_WARN_ENUM_CONVERSION = YES;
				CLANG_WARN_INFINITE_RECURSION = YES;
				CLANG_WARN_INT_CONVERSION = YES;
				CLANG_WARN_OBJC_ROOT_CLASS = YES_ERROR;
				CLANG_WARN_SUSPICIOUS_MOVE = YES;
				CLANG_WARN_UNREACHABLE_CODE = YES;
				CLANG_WARN__DUPLICATE_METHOD_MATCH = YES;
				"CODE_SIGN_IDENTITY[sdk=iphoneos*]" = "iPhone Developer";
				COPY_PHASE_STRIP = NO;
				DEBUG_INFORMATION_FORMAT = "dwarf-with-dsym";
				ENABLE_NS_ASSERTIONS = NO;
				ENABLE_STRICT_OBJC_MSGSEND = YES;
				GCC_C_LANGUAGE_STANDARD = gnu99;
				GCC_NO_COMMON_BLOCKS = YES;
				GCC_WARN_64_TO_32_BIT_CONVERSION = YES;
				GCC_WARN_ABOUT_RETURN_TYPE = YES_ERROR;
				GCC_WARN_UNDECLARED_SELECTOR = YES;
				GCC_WARN_UNINITIALIZED_AUTOS = YES_AGGRESSIVE;
				GCC_WARN_UNUSED_FUNCTION = YES;
				GCC_WARN_UNUSED_VARIABLE = YES;
				IPHONEOS_DEPLOYMENT_TARGET = 10.3;
				MTL_ENABLE_DEBUG_INFO = NO;
				SDKROOT = iphoneos;
				SWIFT_OPTIMIZATION_LEVEL = "-Owholemodule";
				TARGETED_DEVICE_FAMILY = "1,2";
				VALIDATE_PRODUCT = YES;
			};
			name = Release;
		};
		188395891FCBB4B7004A8592 /* Debug */ = {
			isa = XCBuildConfiguration;
			baseConfigurationReference = 3DC30710F44923CEBE2A1A92 /* Pods-X-Admin.debug.xcconfig */;
			buildSettings = {
				ASSETCATALOG_COMPILER_APPICON_NAME = AppIcon;
				CLANG_ENABLE_MODULES = YES;
				"CODE_SIGN_IDENTITY[sdk=iphoneos*]" = "iPhone Developer";
				CODE_SIGN_STYLE = Automatic;
				DEVELOPMENT_TEAM = C2W9K3KBQ2;
				INFOPLIST_FILE = "X-Admin/Info.plist";
				IPHONEOS_DEPLOYMENT_TARGET = 10.0;
				LD_RUNPATH_SEARCH_PATHS = "$(inherited) @executable_path/Frameworks";
				PRODUCT_BUNDLE_IDENTIFIER = "x-ware.X-Admin";
				PRODUCT_NAME = "$(TARGET_NAME)";
				PROVISIONING_PROFILE_SPECIFIER = "";
				SWIFT_OBJC_BRIDGING_HEADER = "X-Admin-Bridging-Header.h";
				SWIFT_OPTIMIZATION_LEVEL = "-Onone";
				SWIFT_SWIFT3_OBJC_INFERENCE = On;
				SWIFT_VERSION = 4.0;
			};
			name = Debug;
		};
		1883958A1FCBB4B7004A8592 /* Release */ = {
			isa = XCBuildConfiguration;
			baseConfigurationReference = BF048EF2ED9C46935A6DB050 /* Pods-X-Admin.release.xcconfig */;
			buildSettings = {
				ASSETCATALOG_COMPILER_APPICON_NAME = AppIcon;
				CLANG_ENABLE_MODULES = YES;
				"CODE_SIGN_IDENTITY[sdk=iphoneos*]" = "iPhone Developer";
				CODE_SIGN_STYLE = Automatic;
				DEVELOPMENT_TEAM = C2W9K3KBQ2;
				INFOPLIST_FILE = "X-Admin/Info.plist";
				IPHONEOS_DEPLOYMENT_TARGET = 10.0;
				LD_RUNPATH_SEARCH_PATHS = "$(inherited) @executable_path/Frameworks";
				PRODUCT_BUNDLE_IDENTIFIER = "x-ware.X-Admin";
				PRODUCT_NAME = "$(TARGET_NAME)";
				PROVISIONING_PROFILE_SPECIFIER = "";
				SWIFT_OBJC_BRIDGING_HEADER = "X-Admin-Bridging-Header.h";
				SWIFT_SWIFT3_OBJC_INFERENCE = On;
				SWIFT_VERSION = 4.0;
			};
			name = Release;
		};
/* End XCBuildConfiguration section */

/* Begin XCConfigurationList section */
		188395711FCBB4B7004A8592 /* Build configuration list for PBXProject "X-Admin" */ = {
			isa = XCConfigurationList;
			buildConfigurations = (
				188395861FCBB4B7004A8592 /* Debug */,
				188395871FCBB4B7004A8592 /* Release */,
			);
			defaultConfigurationIsVisible = 0;
			defaultConfigurationName = Release;
		};
		188395881FCBB4B7004A8592 /* Build configuration list for PBXNativeTarget "X-Admin" */ = {
			isa = XCConfigurationList;
			buildConfigurations = (
				188395891FCBB4B7004A8592 /* Debug */,
				1883958A1FCBB4B7004A8592 /* Release */,
			);
			defaultConfigurationIsVisible = 0;
			defaultConfigurationName = Release;
		};
/* End XCConfigurationList section */
	};
	rootObject = 1883956E1FCBB4B7004A8592 /* Project object */;
}
